PODS:
  - VirgilFoundation (2.0.0-beta4)

DEPENDENCIES:
  - VirgilFoundation (from `https://github.com/VirgilSecurity/virgil-foundation-x.git`, branch `2.0.0-beta4`)

EXTERNAL SOURCES:
  VirgilFoundation:
    :branch: 2.0.0-beta4
    :git: https://github.com/VirgilSecurity/virgil-foundation-x.git

CHECKOUT OPTIONS:
  VirgilFoundation:
    :commit: d03eb3eb771be75a560c957d87d0ed780c9cad08
    :git: https://github.com/VirgilSecurity/virgil-foundation-x.git

SPEC CHECKSUMS:
  VirgilFoundation: 976573f1fb5637d2a8f04211fc770ed18ffdec10

PODFILE CHECKSUM: 8b0083f957c77e6f00511846b4006818adf48b8a

COCOAPODS: 1.1.0.rc.2
