PODS:
  - VirgilCrypto (2.0.0-beta6)

DEPENDENCIES:
  - VirgilCrypto (from `https://github.com/VirgilSecurity/virgil-foundation-x.git`, branch `2.0.0-beta6`)

EXTERNAL SOURCES:
  VirgilCrypto:
    :branch: 2.0.0-beta6
    :git: https://github.com/VirgilSecurity/virgil-foundation-x.git

CHECKOUT OPTIONS:
  VirgilCrypto:
    :commit: 9d9b45ef1ce59c74fd08c4fd4e551ef50c95fbb5
    :git: https://github.com/VirgilSecurity/virgil-foundation-x.git

SPEC CHECKSUMS:
  VirgilCrypto: ae81b8ee3902565de733b4b751a9c14e5d71628b

PODFILE CHECKSUM: 6f1ef14e49621b93d83adff958d4148649c7a691

COCOAPODS: 1.1.0.rc.2
