{
  "pins" : [
    {
      "identity" : "virgil-crypto-c",
      "kind" : "remoteSourceControl",
      "location" : "https://github.com/VirgilSecurity/virgil-crypto-c.git",
      "state" : {
        "revision" : "8cce0e3114c1266b85e0e8fd54b83b5faa19dff9",
        "version" : "0.17.0-dev.3"
      }
    },
    {
      "identity" : "virgil-crypto-x",
      "kind" : "remoteSourceControl",
      "location" : "https://github.com/VirgilSecurity/virgil-crypto-x.git",
      "state" : {
        "revision" : "b19c44943f0339894293711d7de9dc613d34cddb",
        "version" : "7.0.0-dev.1"
      }
    }
  ],
  "version" : 2
}
