{
  "pins" : [
    {
      "identity" : "virgil-crypto-c",
      "kind" : "remoteSourceControl",
      "location" : "https://github.com/VirgilSecurity/virgil-crypto-c.git",
      "state" : {
        "revision" : "6afc46fb96689ec43096619f55fe39f5513dfb70",
        "version" : "0.17.1-dev.2"
      }
    },
    {
      "identity" : "virgil-crypto-x",
      "kind" : "remoteSourceControl",
      "location" : "https://github.com/VirgilSecurity/virgil-crypto-x.git",
      "state" : {
        "branch" : "develop",
        "revision" : "4497ae1b8a59e4577cf63c1342829c70af11f7d5"
      }
    }
  ],
  "version" : 2
}
