PODS:
  - VirgilCrypto (2.0.4)
  - VirgilSDK (4.1.2):
    - VirgilCrypto (~> 2.0.4)

DEPENDENCIES:
  - VirgilCrypto (~> 2.0.4)
  - VirgilSDK (from `./`)

EXTERNAL SOURCES:
  VirgilSDK:
    :path: "./"

SPEC CHECKSUMS:
  VirgilCrypto: 9b9d0bdd95f2a8ed253867833e090aeaa553a723
  VirgilSDK: 098da373026d15a6d9f850823dbb30928bcc46ad

PODFILE CHECKSUM: a3c6dcb295439d05a474c3391f366aaea24424c9

COCOAPODS: 1.2.0
