PODS:
  - VirgilCrypto (2.0.2)
  - VirgilSDK (4.0.0):
    - VirgilCrypto (~> 2.0.0)

DEPENDENCIES:
  - VirgilCrypto (~> 2.0.0)
  - VirgilSDK (from `./`)

EXTERNAL SOURCES:
  VirgilSDK:
    :path: "./"

SPEC CHECKSUMS:
  VirgilCrypto: caa7715ad504b4a7ba7a1a24cec030e255fdb138
  VirgilSDK: 61f37fc0f1be2c5029618bfcdf3b50f8bf91fbc0

PODFILE CHECKSUM: 50260eb0c3a05e8f19312688374cab1332a2401e

COCOAPODS: 1.1.1
