{
  "pins" : [
    {
      "identity" : "virgil-crypto-x",
      "kind" : "remoteSourceControl",
      "location" : "https://github.com/VirgilSecurity/virgil-crypto-x",
      "state" : {
        "revision" : "df2f1775ff1446eed3e97c8d7ec3003372637fad",
        "version" : "6.1.0"
      }
    },
    {
      "identity" : "virgil-cryptowrapper-x",
      "kind" : "remoteSourceControl",
      "location" : "https://github.com/VirgilSecurity/virgil-cryptowrapper-x.git",
      "state" : {
        "revision" : "dbc77649bbc166c4a3b5df956e1bdcee67b8d1f0",
        "version" : "0.16.3"
      }
    }
  ],
  "version" : 2
}
