{
  "pins" : [
    {
      "identity" : "virgil-crypto-c",
      "kind" : "remoteSourceControl",
      "location" : "https://github.com/VirgilSecurity/virgil-crypto-c.git",
      "state" : {
        "revision" : "40ae5231264c8f2d79354922fac15d96021aa8b5",
        "version" : "0.17.1"
      }
    },
    {
      "identity" : "virgil-crypto-x",
      "kind" : "remoteSourceControl",
      "location" : "https://github.com/VirgilSecurity/virgil-crypto-x",
      "state" : {
        "revision" : "6334a21c49dafb305666aafc34819314960412de",
        "version" : "7.0.1"
      }
    }
  ],
  "version" : 2
}
